---
- name: Pull docker image from external registry
  docker_image:
    name: "{{ images_external[image] }}"
    tag: "{{ images_external[tag] }}"
    state: present

- name: Tag and push docker image to local registry
  docker_image:
    name: "{{ images_external[image] }}"
    tag: "{{ images_external[tag] }}"
    repository: "{{ images_internal[image] }}"
    push: yes

- name: Remove local docker images
  docker_image:
    name: "{{ item_in_block|regex_replace('index.docker.io/') }}"
    tag: "{{ images_external[tag] }}"
    state: absent
  with_items:
    - "{{ images_internal[image] }}"
    - "{{ images_external[image] }}"
  loop_control:
    loop_var: item_in_block
